
Microsoft Visual Studio Solution File, Format Version 12.00
# Visual Studio 15
VisualStudioVersion = 15.0.28307.106
MinimumVisualStudioVersion = 10.0.40219.1
Project("{8BC9CEB8-8B4A-11D0-8D11-00A0C91BC942}") = "primal-scourge-tool", "primal-scourge-tool.vcxproj", "{513CFD09-4720-4D8B-8C3B-171790202252}"
EndProject
Global
	GlobalSection(SolutionConfigurationPlatforms) = preSolution
		Debug|x64 = Debug|x64
		Debug|x86 = Debug|x86
		Release|x64 = Release|x64
		Release|x86 = Release|x86
		Server Debug|x64 = Server Debug|x64
		Server Debug|x86 = Server Debug|x86
	EndGlobalSection
	GlobalSection(ProjectConfigurationPlatforms) = postSolution
		{513CFD09-4720-4D8B-8C3B-171790202252}.Debug|x64.ActiveCfg = Debug|x64
		{513CFD09-4720-4D8B-8C3B-171790202252}.Debug|x64.Build.0 = Debug|x64
		{513CFD09-4720-4D8B-8C3B-171790202252}.Debug|x86.ActiveCfg = Debug|Win32
		{513CFD09-4720-4D8B-8C3B-171790202252}.Debug|x86.Build.0 = Debug|Win32
		{513CFD09-4720-4D8B-8C3B-171790202252}.Release|x64.ActiveCfg = Release|x64
		{513CFD09-4720-4D8B-8C3B-171790202252}.Release|x64.Build.0 = Release|x64
		{513CFD09-4720-4D8B-8C3B-171790202252}.Release|x86.ActiveCfg = Release|Win32
		{513CFD09-4720-4D8B-8C3B-171790202252}.Release|x86.Build.0 = Release|Win32
		{513CFD09-4720-4D8B-8C3B-171790202252}.Server Debug|x64.ActiveCfg = Server Debug|x64
		{513CFD09-4720-4D8B-8C3B-171790202252}.Server Debug|x64.Build.0 = Server Debug|x64
		{513CFD09-4720-4D8B-8C3B-171790202252}.Server Debug|x86.ActiveCfg = Server Debug|Win32
		{513CFD09-4720-4D8B-8C3B-171790202252}.Server Debug|x86.Build.0 = Server Debug|Win32
	EndGlobalSection
	GlobalSection(SolutionProperties) = preSolution
		HideSolutionNode = FALSE
	EndGlobalSection
	GlobalSection(ExtensibilityGlobals) = postSolution
		SolutionGuid = {45B42A53-9D24-4B92-B882-16B80FB0259A}
	EndGlobalSection
EndGlobal
